
Microsoft Visual Studio Solution File, Format Version 12.00
# Visual Studio Version 17
VisualStudioVersion = 17.10.35027.167
MinimumVisualStudioVersion = 10.0.40219.1
Project("{FAE04EC0-301F-11D3-BF4B-00C04F79EFBC}") = "VišeFormi", "VišeFormi\VišeFormi.csproj", "{B9DD38BE-6C7D-4FF7-8C24-D060A7AAB6AD}"
EndProject
Global
	GlobalSection(SolutionConfigurationPlatforms) = preSolution
		Debug|Any CPU = Debug|Any CPU
		Release|Any CPU = Release|Any CPU
	EndGlobalSection
	GlobalSection(ProjectConfigurationPlatforms) = postSolution
		{B9DD38BE-6C7D-4FF7-8C24-D060A7AAB6AD}.Debug|Any CPU.ActiveCfg = Debug|Any CPU
		{B9DD38BE-6C7D-4FF7-8C24-D060A7AAB6AD}.Debug|Any CPU.Build.0 = Debug|Any CPU
		{B9DD38BE-6C7D-4FF7-8C24-D060A7AAB6AD}.Release|Any CPU.ActiveCfg = Release|Any CPU
		{B9DD38BE-6C7D-4FF7-8C24-D060A7AAB6AD}.Release|Any CPU.Build.0 = Release|Any CPU
	EndGlobalSection
	GlobalSection(SolutionProperties) = preSolution
		HideSolutionNode = FALSE
	EndGlobalSection
	GlobalSection(ExtensibilityGlobals) = postSolution
		SolutionGuid = {7F7DA708-BCC0-4A49-BFF9-DAB6FAF98C66}
	EndGlobalSection
EndGlobal
